Microsoft Visual Studio Solution File, Format Version 12.00
# Visual Studio Version 18
VisualStudioVersion = 18.0.0.0
MinimumVisualStudioVersion = 10.0.40219.1
Project("{FAE04EC0-301F-11D3-BF4B-00C04F79EFBC}") = "Glyphore", "Glyphore\Glyphore.csproj", "{7B4BC4D6-0B0D-4B9D-A27B-5F76741A917B}"
EndProject
Global
	GlobalSection(SolutionConfigurationPlatforms) = preSolution
		Debug|Any CPU = Debug|Any CPU
		Release|Any CPU = Release|Any CPU
	EndGlobalSection
	GlobalSection(ProjectConfigurationPlatforms) = postSolution
		{7B4BC4D6-0B0D-4B9D-A27B-5F76741A917B}.Debug|Any CPU.ActiveCfg = Debug|Any CPU
		{7B4BC4D6-0B0D-4B9D-A27B-5F76741A917B}.Debug|Any CPU.Build.0 = Debug|Any CPU
		{7B4BC4D6-0B0D-4B9D-A27B-5F76741A917B}.Release|Any CPU.ActiveCfg = Release|Any CPU
		{7B4BC4D6-0B0D-4B9D-A27B-5F76741A917B}.Release|Any CPU.Build.0 = Release|Any CPU
	EndGlobalSection
EndGlobal
